
Microsoft Visual Studio Solution File, Format Version 11.00
# Visual Studio 2010
Project("{FAE04EC0-301F-11D3-BF4B-00C04F79EFBC}") = "Assembly-CSharp", "Assembly-CSharp.csproj", "{40af6825-48d0-0db9-8a94-8f751a49167b}"
EndProject
Project("{FAE04EC0-301F-11D3-BF4B-00C04F79EFBC}") = "Sirenix.OdinInspector.CompatibilityLayer", "Sirenix.OdinInspector.CompatibilityLayer.csproj", "{8782df90-98ea-7248-7d51-b7de0f287d34}"
EndProject
Project("{FAE04EC0-301F-11D3-BF4B-00C04F79EFBC}") = "Sirenix.OdinInspector.CompatibilityLayer.Editor", "Sirenix.OdinInspector.CompatibilityLayer.Editor.csproj", "{fec9e26f-0eaa-0470-0e38-d2ca2bcce55d}"
EndProject
Project("{FAE04EC0-301F-11D3-BF4B-00C04F79EFBC}") = "Sirenix.OdinInspector.Modules.UnityMathematics", "Sirenix.OdinInspector.Modules.UnityMathematics.csproj", "{6cbdb7e9-d84b-0f99-5f52-44ba539b2804}"
EndProject
Global
	GlobalSection(SolutionConfigurationPlatforms) = preSolution
		Debug|Any CPU = Debug|Any CPU
		Release|Any CPU = Release|Any CPU
	EndGlobalSection
	GlobalSection(ProjectConfigurationPlatforms) = postSolution
		{40af6825-48d0-0db9-8a94-8f751a49167b}.Debug|Any CPU.ActiveCfg = Debug|Any CPU
		{40af6825-48d0-0db9-8a94-8f751a49167b}.Debug|Any CPU.Build.0 = Debug|Any CPU
		{40af6825-48d0-0db9-8a94-8f751a49167b}.Release|Any CPU.ActiveCfg = Release|Any CPU
		{40af6825-48d0-0db9-8a94-8f751a49167b}.Release|Any CPU.Build.0 = Release|Any CPU
		{8782df90-98ea-7248-7d51-b7de0f287d34}.Debug|Any CPU.ActiveCfg = Debug|Any CPU
		{8782df90-98ea-7248-7d51-b7de0f287d34}.Debug|Any CPU.Build.0 = Debug|Any CPU
		{8782df90-98ea-7248-7d51-b7de0f287d34}.Release|Any CPU.ActiveCfg = Release|Any CPU
		{8782df90-98ea-7248-7d51-b7de0f287d34}.Release|Any CPU.Build.0 = Release|Any CPU
		{fec9e26f-0eaa-0470-0e38-d2ca2bcce55d}.Debug|Any CPU.ActiveCfg = Debug|Any CPU
		{fec9e26f-0eaa-0470-0e38-d2ca2bcce55d}.Debug|Any CPU.Build.0 = Debug|Any CPU
		{fec9e26f-0eaa-0470-0e38-d2ca2bcce55d}.Release|Any CPU.ActiveCfg = Release|Any CPU
		{fec9e26f-0eaa-0470-0e38-d2ca2bcce55d}.Release|Any CPU.Build.0 = Release|Any CPU
		{6cbdb7e9-d84b-0f99-5f52-44ba539b2804}.Debug|Any CPU.ActiveCfg = Debug|Any CPU
		{6cbdb7e9-d84b-0f99-5f52-44ba539b2804}.Debug|Any CPU.Build.0 = Debug|Any CPU
		{6cbdb7e9-d84b-0f99-5f52-44ba539b2804}.Release|Any CPU.ActiveCfg = Release|Any CPU
		{6cbdb7e9-d84b-0f99-5f52-44ba539b2804}.Release|Any CPU.Build.0 = Release|Any CPU
	EndGlobalSection
	GlobalSection(SolutionProperties) = preSolution
		HideSolutionNode = FALSE
	EndGlobalSection
EndGlobal
